
Microsoft Visual Studio Solution File, Format Version 12.00
# Visual Studio Version 16
VisualStudioVersion = 16.0.29509.3
MinimumVisualStudioVersion = 10.0.40219.1
Project("{FAE04EC0-301F-11D3-BF4B-00C04F79EFBC}") = "BasicCalculator", "BasicCalculator.csproj", "{008E9B2A-B9FF-4CE3-98F9-2324CA906C3D}"
EndProject
Project("{FAE04EC0-301F-11D3-BF4B-00C04F79EFBC}") = "operations", "..\operations\operations.csproj", "{FF2AFEC7-5368-4F56-855B-D6E4A3381F03}"
EndProject
Project("{FAE04EC0-301F-11D3-BF4B-00C04F79EFBC}") = "operationsTests", "..\operationsTests\operationsTests.csproj", "{FB36A3EC-9636-4CA8-BEE9-BDD8A4BE7BED}"
EndProject
Project("{FAE04EC0-301F-11D3-BF4B-00C04F79EFBC}") = "BasicCalculatorTests1", "..\BasicCalculatorTests1\BasicCalculatorTests1.csproj", "{E1CC7097-BECE-4126-BADE-E22CAEC39902}"
EndProject
Global
	GlobalSection(SolutionConfigurationPlatforms) = preSolution
		Debug|Any CPU = Debug|Any CPU
		Release|Any CPU = Release|Any CPU
	EndGlobalSection
	GlobalSection(ProjectConfigurationPlatforms) = postSolution
		{008E9B2A-B9FF-4CE3-98F9-2324CA906C3D}.Debug|Any CPU.ActiveCfg = Debug|Any CPU
		{008E9B2A-B9FF-4CE3-98F9-2324CA906C3D}.Debug|Any CPU.Build.0 = Debug|Any CPU
		{008E9B2A-B9FF-4CE3-98F9-2324CA906C3D}.Release|Any CPU.ActiveCfg = Release|Any CPU
		{008E9B2A-B9FF-4CE3-98F9-2324CA906C3D}.Release|Any CPU.Build.0 = Release|Any CPU
		{FF2AFEC7-5368-4F56-855B-D6E4A3381F03}.Debug|Any CPU.ActiveCfg = Debug|Any CPU
		{FF2AFEC7-5368-4F56-855B-D6E4A3381F03}.Debug|Any CPU.Build.0 = Debug|Any CPU
		{FF2AFEC7-5368-4F56-855B-D6E4A3381F03}.Release|Any CPU.ActiveCfg = Release|Any CPU
		{FF2AFEC7-5368-4F56-855B-D6E4A3381F03}.Release|Any CPU.Build.0 = Release|Any CPU
		{FB36A3EC-9636-4CA8-BEE9-BDD8A4BE7BED}.Debug|Any CPU.ActiveCfg = Debug|Any CPU
		{FB36A3EC-9636-4CA8-BEE9-BDD8A4BE7BED}.Debug|Any CPU.Build.0 = Debug|Any CPU
		{FB36A3EC-9636-4CA8-BEE9-BDD8A4BE7BED}.Release|Any CPU.ActiveCfg = Release|Any CPU
		{FB36A3EC-9636-4CA8-BEE9-BDD8A4BE7BED}.Release|Any CPU.Build.0 = Release|Any CPU
		{E1CC7097-BECE-4126-BADE-E22CAEC39902}.Debug|Any CPU.ActiveCfg = Debug|Any CPU
		{E1CC7097-BECE-4126-BADE-E22CAEC39902}.Debug|Any CPU.Build.0 = Debug|Any CPU
		{E1CC7097-BECE-4126-BADE-E22CAEC39902}.Release|Any CPU.ActiveCfg = Release|Any CPU
		{E1CC7097-BECE-4126-BADE-E22CAEC39902}.Release|Any CPU.Build.0 = Release|Any CPU
	EndGlobalSection
	GlobalSection(SolutionProperties) = preSolution
		HideSolutionNode = FALSE
	EndGlobalSection
	GlobalSection(ExtensibilityGlobals) = postSolution
		SolutionGuid = {C6B6410F-E954-4ADE-805C-11F10DDB16A1}
	EndGlobalSection
EndGlobal
